
Microsoft Visual Studio Solution File, Format Version 12.00
# Visual Studio Version 17
VisualStudioVersion = 17.13.35825.156 d17.13
MinimumVisualStudioVersion = 10.0.40219.1
Project("{FAE04EC0-301F-11D3-BF4B-00C04F79EFBC}") = "Test API", "Test API.csproj", "{778A9FB4-01DE-4C14-8AFC-7C403349A649}"
EndProject
Global
	GlobalSection(SolutionConfigurationPlatforms) = preSolution
		Debug|Any CPU = Debug|Any CPU
		Release|Any CPU = Release|Any CPU
	EndGlobalSection
	GlobalSection(ProjectConfigurationPlatforms) = postSolution
		{778A9FB4-01DE-4C14-8AFC-7C403349A649}.Debug|Any CPU.ActiveCfg = Debug|Any CPU
		{778A9FB4-01DE-4C14-8AFC-7C403349A649}.Debug|Any CPU.Build.0 = Debug|Any CPU
		{778A9FB4-01DE-4C14-8AFC-7C403349A649}.Release|Any CPU.ActiveCfg = Release|Any CPU
		{778A9FB4-01DE-4C14-8AFC-7C403349A649}.Release|Any CPU.Build.0 = Release|Any CPU
	EndGlobalSection
	GlobalSection(SolutionProperties) = preSolution
		HideSolutionNode = FALSE
	EndGlobalSection
	GlobalSection(ExtensibilityGlobals) = postSolution
		SolutionGuid = {76C37A42-F89F-4E1E-93DF-808F8A16FD30}
	EndGlobalSection
EndGlobal
